
Microsoft Visual Studio Solution File, Format Version 12.00
# Visual Studio Version 17
VisualStudioVersion = 17.5.33424.131
MinimumVisualStudioVersion = 10.0.40219.1
Project("{FAE04EC0-301F-11D3-BF4B-00C04F79EFBC}") = "WpfApp2", "WpfApp2\WpfApp2.csproj", "{FAE591A8-4CE7-4C0F-B062-154F4B825831}"
EndProject
Global
	GlobalSection(SolutionConfigurationPlatforms) = preSolution
		Debug|Any CPU = Debug|Any CPU
		Release|Any CPU = Release|Any CPU
	EndGlobalSection
	GlobalSection(ProjectConfigurationPlatforms) = postSolution
		{FAE591A8-4CE7-4C0F-B062-154F4B825831}.Debug|Any CPU.ActiveCfg = Debug|Any CPU
		{FAE591A8-4CE7-4C0F-B062-154F4B825831}.Debug|Any CPU.Build.0 = Debug|Any CPU
		{FAE591A8-4CE7-4C0F-B062-154F4B825831}.Release|Any CPU.ActiveCfg = Release|Any CPU
		{FAE591A8-4CE7-4C0F-B062-154F4B825831}.Release|Any CPU.Build.0 = Release|Any CPU
	EndGlobalSection
	GlobalSection(SolutionProperties) = preSolution
		HideSolutionNode = FALSE
	EndGlobalSection
	GlobalSection(ExtensibilityGlobals) = postSolution
		SolutionGuid = {646724FF-A226-4B99-8B1F-A9711D101FB9}
	EndGlobalSection
EndGlobal
